// !$*UTF8*$!
{
	archiveVersion = 1;
	classes = {
	};
	objectVersion = 46;
	objects = {

/* Begin PBXBuildFile section */
		15F63C2915A240A900721898 /* UIKit.framework in Frameworks */ = {isa = PBXBuildFile; fileRef = 15F63C2815A240A900721898 /* UIKit.framework */; };
		15F63C2B15A240A900721898 /* Foundation.framework in Frameworks */ = {isa = PBXBuildFile; fileRef = 15F63C2A15A240A900721898 /* Foundation.framework */; };
		15F63C2D15A240A900721898 /* CoreGraphics.framework in Frameworks */ = {isa = PBXBuildFile; fileRef = 15F63C2C15A240A900721898 /* CoreGraphics.framework */; };
		15F63C3315A240A900721898 /* InfoPlist.strings in Resources */ = {isa = PBXBuildFile; fileRef = 15F63C3115A240A900721898 /* InfoPlist.strings */; };
		15F63C3515A240A900721898 /* main.m in Sources */ = {isa = PBXBuildFile; fileRef = 15F63C3415A240A900721898 /* main.m */; };
		15F63C3915A240A900721898 /* CalculatorAppDelegate.m in Sources */ = {isa = PBXBuildFile; fileRef = 15F63C3815A240A900721898 /* CalculatorAppDelegate.m */; };
		15F63C3C15A240A900721898 /* MainStoryboard.storyboard in Resources */ = {isa = PBXBuildFile; fileRef = 15F63C3A15A240A900721898 /* MainStoryboard.storyboard */; };
		15F63C3F15A240A900721898 /* CalculatorViewController.m in Sources */ = {isa = PBXBuildFile; fileRef = 15F63C3E15A240A900721898 /* CalculatorViewController.m */; };
		15F63C4715A24FE600721898 /* CalculatorBrain.m in Sources */ = {isa = PBXBuildFile; fileRef = 15F63C4615A24FE600721898 /* CalculatorBrain.m */; };
/* End PBXBuildFile section */

/* Begin PBXFileReference section */
		15F63C2415A240A900721898 /* Calculator.app */ = {isa = PBXFileReference; explicitFileType = wrapper.application; includeInIndex = 0; path = Calculator.app; sourceTree = BUILT_PRODUCTS_DIR; };
		15F63C2815A240A900721898 /* UIKit.framework */ = {isa = PBXFileReference; lastKnownFileType = wrapper.framework; name = UIKit.framework; path = System/Library/Frameworks/UIKit.framework; sourceTree = SDKROOT; };
		15F63C2A15A240A900721898 /* Foundation.framework */ = {isa = PBXFileReference; lastKnownFileType = wrapper.framework; name = Foundation.framework; path = System/Library/Frameworks/Foundation.framework; sourceTree = SDKROOT; };
		15F63C2C15A240A900721898 /* CoreGraphics.framework */ = {isa = PBXFileReference; lastKnownFileType = wrapper.framework; name = CoreGraphics.framework; path = System/Library/Frameworks/CoreGraphics.framework; sourceTree = SDKROOT; };
		15F63C3015A240A900721898 /* Calculator-Info.plist */ = {isa = PBXFileReference; lastKnownFileType = text.plist.xml; path = "Calculator-Info.plist"; sourceTree = "<group>"; };
		15F63C3215A240A900721898 /* en */ = {isa = PBXFileReference; lastKnownFileType = text.plist.strings; name = en; path = en.lproj/InfoPlist.strings; sourceTree = "<group>"; };
		15F63C3415A240A900721898 /* main.m */ = {isa = PBXFileReference; lastKnownFileType = sourcecode.c.objc; path = main.m; sourceTree = "<group>"; };
		15F63C3615A240A900721898 /* Calculator-Prefix.pch */ = {isa = PBXFileReference; lastKnownFileType = sourcecode.c.h; path = "Calculator-Prefix.pch"; sourceTree = "<group>"; };
		15F63C3715A240A900721898 /* CalculatorAppDelegate.h */ = {isa = PBXFileReference; lastKnownFileType = sourcecode.c.h; path = CalculatorAppDelegate.h; sourceTree = "<group>"; };
		15F63C3815A240A900721898 /* CalculatorAppDelegate.m */ = {isa = PBXFileReference; lastKnownFileType = sourcecode.c.objc; path = CalculatorAppDelegate.m; sourceTree = "<group>"; };
		15F63C3B15A240A900721898 /* en */ = {isa = PBXFileReference; lastKnownFileType = file.storyboard; name = en; path = en.lproj/MainStoryboard.storyboard; sourceTree = "<group>"; };
		15F63C3D15A240A900721898 /* CalculatorViewController.h */ = {isa = PBXFileReference; lastKnownFileType = sourcecode.c.h; path = CalculatorViewController.h; sourceTree = "<group>"; };
		15F63C3E15A240A900721898 /* CalculatorViewController.m */ = {isa = PBXFileReference; lastKnownFileType = sourcecode.c.objc; path = CalculatorViewController.m; sourceTree = "<group>"; };
		15F63C4515A24FE600721898 /* CalculatorBrain.h */ = {isa = PBXFileReference; fileEncoding = 4; lastKnownFileType = sourcecode.c.h; path = CalculatorBrain.h; sourceTree = "<group>"; };
		15F63C4615A24FE600721898 /* CalculatorBrain.m */ = {isa = PBXFileReference; fileEncoding = 4; lastKnownFileType = sourcecode.c.objc; path = CalculatorBrain.m; sourceTree = "<group>"; };
/* End PBXFileReference section */

/* Begin PBXFrameworksBuildPhase section */
		15F63C2115A240A900721898 /* Frameworks */ = {
			isa = PBXFrameworksBuildPhase;
			buildActionMask = 2147483647;
			files = (
				15F63C2915A240A900721898 /* UIKit.framework in Frameworks */,
				15F63C2B15A240A900721898 /* Foundation.framework in Frameworks */,
				15F63C2D15A240A900721898 /* CoreGraphics.framework in Frameworks */,
			);
			runOnlyForDeploymentPostprocessing = 0;
		};
/* End PBXFrameworksBuildPhase section */

/* Begin PBXGroup section */
		15F63C1915A240A800721898 = {
			isa = PBXGroup;
			children = (
				15F63C2E15A240A900721898 /* Calculator */,
				15F63C2715A240A900721898 /* Frameworks */,
				15F63C2515A240A900721898 /* Products */,
			);
			sourceTree = "<group>";
		};
		15F63C2515A240A900721898 /* Products */ = {
			isa = PBXGroup;
			children = (
				15F63C2415A240A900721898 /* Calculator.app */,
			);
			name = Products;
			sourceTree = "<group>";
		};
		15F63C2715A240A900721898 /* Frameworks */ = {
			isa = PBXGroup;
			children = (
				15F63C2815A240A900721898 /* UIKit.framework */,
				15F63C2A15A240A900721898 /* Foundation.framework */,
				15F63C2C15A240A900721898 /* CoreGraphics.framework */,
			);
			name = Frameworks;
			sourceTree = "<group>";
		};
		15F63C2E15A240A900721898 /* Calculator */ = {
			isa = PBXGroup;
			children = (
				15F63C3715A240A900721898 /* CalculatorAppDelegate.h */,
				15F63C3815A240A900721898 /* CalculatorAppDelegate.m */,
				15F63C3A15A240A900721898 /* MainStoryboard.storyboard */,
				15F63C4515A24FE600721898 /* CalculatorBrain.h */,
				15F63C4615A24FE600721898 /* CalculatorBrain.m */,
				15F63C3D15A240A900721898 /* CalculatorViewController.h */,
				15F63C3E15A240A900721898 /* CalculatorViewController.m */,
				15F63C2F15A240A900721898 /* Supporting Files */,
			);
			path = Calculator;
			sourceTree = "<group>";
		};
		15F63C2F15A240A900721898 /* Supporting Files */ = {
			isa = PBXGroup;
			children = (
				15F63C3015A240A900721898 /* Calculator-Info.plist */,
				15F63C3115A240A900721898 /* InfoPlist.strings */,
				15F63C3415A240A900721898 /* main.m */,
				15F63C3615A240A900721898 /* Calculator-Prefix.pch */,
			);
			name = "Supporting Files";
			sourceTree = "<group>";
		};
/* End PBXGroup section */

/* Begin PBXNativeTarget section */
		15F63C2315A240A900721898 /* Calculator */ = {
			isa = PBXNativeTarget;
			buildConfigurationList = 15F63C4215A240A900721898 /* Build configuration list for PBXNativeTarget "Calculator" */;
			buildPhases = (
				15F63C2015A240A900721898 /* Sources */,
				15F63C2115A240A900721898 /* Frameworks */,
				15F63C2215A240A900721898 /* Resources */,
			);
			buildRules = (
			);
			dependencies = (
			);
			name = Calculator;
			productName = Calculator;
			productReference = 15F63C2415A240A900721898 /* Calculator.app */;
			productType = "com.apple.product-type.application";
		};
/* End PBXNativeTarget section */

/* Begin PBXProject section */
		15F63C1B15A240A800721898 /* Project object */ = {
			isa = PBXProject;
			attributes = {
				CLASSPREFIX = Calculator;
				LastUpgradeCheck = 0430;
				ORGANIZATIONNAME = "Kalin Zahariev";
			};
			buildConfigurationList = 15F63C1E15A240A800721898 /* Build configuration list for PBXProject "Calculator" */;
			compatibilityVersion = "Xcode 3.2";
			developmentRegion = English;
			hasScannedForEncodings = 0;
			knownRegions = (
				en,
			);
			mainGroup = 15F63C1915A240A800721898;
			productRefGroup = 15F63C2515A240A900721898 /* Products */;
			projectDirPath = "";
			projectRoot = "";
			targets = (
				15F63C2315A240A900721898 /* Calculator */,
			);
		};
/* End PBXProject section */

/* Begin PBXResourcesBuildPhase section */
		15F63C2215A240A900721898 /* Resources */ = {
			isa = PBXResourcesBuildPhase;
			buildActionMask = 2147483647;
			files = (
				15F63C3315A240A900721898 /* InfoPlist.strings in Resources */,
				15F63C3C15A240A900721898 /* MainStoryboard.storyboard in Resources */,
			);
			runOnlyForDeploymentPostprocessing = 0;
		};
/* End PBXResourcesBuildPhase section */

/* Begin PBXSourcesBuildPhase section */
		15F63C2015A240A900721898 /* Sources */ = {
			isa = PBXSourcesBuildPhase;
			buildActionMask = 2147483647;
			files = (
				15F63C3515A240A900721898 /* main.m in Sources */,
				15F63C3915A240A900721898 /* CalculatorAppDelegate.m in Sources */,
				15F63C3F15A240A900721898 /* CalculatorViewController.m in Sources */,
				15F63C4715A24FE600721898 /* CalculatorBrain.m in Sources */,
			);
			runOnlyForDeploymentPostprocessing = 0;
		};
/* End PBXSourcesBuildPhase section */

/* Begin PBXVariantGroup section */
		15F63C3115A240A900721898 /* InfoPlist.strings */ = {
			isa = PBXVariantGroup;
			children = (
				15F63C3215A240A900721898 /* en */,
			);
			name = InfoPlist.strings;
			sourceTree = "<group>";
		};
		15F63C3A15A240A900721898 /* MainStoryboard.storyboard */ = {
			isa = PBXVariantGroup;
			children = (
				15F63C3B15A240A900721898 /* en */,
			);
			name = MainStoryboard.storyboard;
			sourceTree = "<group>";
		};
/* End PBXVariantGroup section */

/* Begin XCBuildConfiguration section */
		15F63C4015A240A900721898 /* Debug */ = {
			isa = XCBuildConfiguration;
			buildSettings = {
				ALWAYS_SEARCH_USER_PATHS = NO;
				ARCHS = "$(ARCHS_STANDARD_32_BIT)";
				CLANG_ENABLE_OBJC_ARC = YES;
				"CODE_SIGN_IDENTITY[sdk=iphoneos*]" = "iPhone Developer";
				COPY_PHASE_STRIP = NO;
				GCC_C_LANGUAGE_STANDARD = gnu99;
				GCC_DYNAMIC_NO_PIC = NO;
				GCC_OPTIMIZATION_LEVEL = 0;
				GCC_PREPROCESSOR_DEFINITIONS = (
					"DEBUG=1",
					"$(inherited)",
				);
				GCC_SYMBOLS_PRIVATE_EXTERN = NO;
				GCC_VERSION = com.apple.compilers.llvm.clang.1_0;
				GCC_WARN_ABOUT_RETURN_TYPE = YES;
				GCC_WARN_UNINITIALIZED_AUTOS = YES;
				GCC_WARN_UNUSED_VARIABLE = YES;
				IPHONEOS_DEPLOYMENT_TARGET = 5.1;
				SDKROOT = iphoneos;
			};
			name = Debug;
		};
		15F63C4115A240A900721898 /* Release */ = {
			isa = XCBuildConfiguration;
			buildSettings = {
				ALWAYS_SEARCH_USER_PATHS = NO;
				ARCHS = "$(ARCHS_STANDARD_32_BIT)";
				CLANG_ENABLE_OBJC_ARC = YES;
				"CODE_SIGN_IDENTITY[sdk=iphoneos*]" = "iPhone Developer";
				COPY_PHASE_STRIP = YES;
				GCC_C_LANGUAGE_STANDARD = gnu99;
				GCC_VERSION = com.apple.compilers.llvm.clang.1_0;
				GCC_WARN_ABOUT_RETURN_TYPE = YES;
				GCC_WARN_UNINITIALIZED_AUTOS = YES;
				GCC_WARN_UNUSED_VARIABLE = YES;
				IPHONEOS_DEPLOYMENT_TARGET = 5.1;
				OTHER_CFLAGS = "-DNS_BLOCK_ASSERTIONS=1";
				SDKROOT = iphoneos;
				VALIDATE_PRODUCT = YES;
			};
			name = Release;
		};
		15F63C4315A240A900721898 /* Debug */ = {
			isa = XCBuildConfiguration;
			buildSettings = {
				GCC_PRECOMPILE_PREFIX_HEADER = YES;
				GCC_PREFIX_HEADER = "Calculator/Calculator-Prefix.pch";
				INFOPLIST_FILE = "Calculator/Calculator-Info.plist";
				PRODUCT_NAME = "$(TARGET_NAME)";
				WRAPPER_EXTENSION = app;
			};
			name = Debug;
		};
		15F63C4415A240A900721898 /* Release */ = {
			isa = XCBuildConfiguration;
			buildSettings = {
				GCC_PRECOMPILE_PREFIX_HEADER = YES;
				GCC_PREFIX_HEADER = "Calculator/Calculator-Prefix.pch";
				INFOPLIST_FILE = "Calculator/Calculator-Info.plist";
				PRODUCT_NAME = "$(TARGET_NAME)";
				WRAPPER_EXTENSION = app;
			};
			name = Release;
		};
/* End XCBuildConfiguration section */

/* Begin XCConfigurationList section */
		15F63C1E15A240A800721898 /* Build configuration list for PBXProject "Calculator" */ = {
			isa = XCConfigurationList;
			buildConfigurations = (
				15F63C4015A240A900721898 /* Debug */,
				15F63C4115A240A900721898 /* Release */,
			);
			defaultConfigurationIsVisible = 0;
			defaultConfigurationName = Release;
		};
		15F63C4215A240A900721898 /* Build configuration list for PBXNativeTarget "Calculator" */ = {
			isa = XCConfigurationList;
			buildConfigurations = (
				15F63C4315A240A900721898 /* Debug */,
				15F63C4415A240A900721898 /* Release */,
			);
			defaultConfigurationIsVisible = 0;
		};
/* End XCConfigurationList section */
	};
	rootObject = 15F63C1B15A240A800721898 /* Project object */;
}
